
Microsoft Visual Studio Solution File, Format Version 10.00
# Visual Studio 2008
Project("{8BC9CEB8-8B4A-11D0-8D11-00A0C91BC942}") = "BuildingSketch", "BuildingSketch.vcproj", "{9C31673F-818D-412B-9460-61812AFCBEE1}"
	ProjectSection(ProjectDependencies) = postProject
		{FA4620B1-393A-4719-9BB4-3BC8CAA70C4B} = {FA4620B1-393A-4719-9BB4-3BC8CAA70C4B}
		{0F9CE5F0-4D89-4314-9147-8AAB1B8842ED} = {0F9CE5F0-4D89-4314-9147-8AAB1B8842ED}
	EndProjectSection
EndProject
Project("{2150E333-8FDC-42A3-9474-1A3956D46DE8}") = "Dependencies", "Dependencies", "{7B229927-988A-44EF-ACB4-70C0407C5514}"
EndProject
Project("{8BC9CEB8-8B4A-11D0-8D11-00A0C91BC942}") = "sfml-window", "dependencies\SFML\build\vc2008\sfml-window.vcproj", "{0F9CE5F0-4D89-4314-9147-8AAB1B8842ED}"
	ProjectSection(ProjectDependencies) = postProject
		{C061A27D-7CA0-4179-9869-672FA04A86A8} = {C061A27D-7CA0-4179-9869-672FA04A86A8}
	EndProjectSection
EndProject
Project("{8BC9CEB8-8B4A-11D0-8D11-00A0C91BC942}") = "sfml-graphics", "dependencies\SFML\build\vc2008\sfml-graphics.vcproj", "{FA4620B1-393A-4719-9BB4-3BC8CAA70C4B}"
	ProjectSection(ProjectDependencies) = postProject
		{C061A27D-7CA0-4179-9869-672FA04A86A8} = {C061A27D-7CA0-4179-9869-672FA04A86A8}
		{0F9CE5F0-4D89-4314-9147-8AAB1B8842ED} = {0F9CE5F0-4D89-4314-9147-8AAB1B8842ED}
	EndProjectSection
EndProject
Project("{8BC9CEB8-8B4A-11D0-8D11-00A0C91BC942}") = "sfml-system", "dependencies\SFML\build\vc2008\sfml-system.vcproj", "{C061A27D-7CA0-4179-9869-672FA04A86A8}"
EndProject
Global
	GlobalSection(SolutionConfigurationPlatforms) = preSolution
		Debug DLL|Win32 = Debug DLL|Win32
		Debug static|Win32 = Debug static|Win32
		Debug|Win32 = Debug|Win32
		Release DLL|Win32 = Release DLL|Win32
		Release static|Win32 = Release static|Win32
		Release|Win32 = Release|Win32
	EndGlobalSection
	GlobalSection(ProjectConfigurationPlatforms) = postSolution
		{9C31673F-818D-412B-9460-61812AFCBEE1}.Debug DLL|Win32.ActiveCfg = Debug|Win32
		{9C31673F-818D-412B-9460-61812AFCBEE1}.Debug DLL|Win32.Build.0 = Debug|Win32
		{9C31673F-818D-412B-9460-61812AFCBEE1}.Debug static|Win32.ActiveCfg = Debug|Win32
		{9C31673F-818D-412B-9460-61812AFCBEE1}.Debug static|Win32.Build.0 = Debug|Win32
		{9C31673F-818D-412B-9460-61812AFCBEE1}.Debug|Win32.ActiveCfg = Debug|Win32
		{9C31673F-818D-412B-9460-61812AFCBEE1}.Debug|Win32.Build.0 = Debug|Win32
		{9C31673F-818D-412B-9460-61812AFCBEE1}.Release DLL|Win32.ActiveCfg = Release|Win32
		{9C31673F-818D-412B-9460-61812AFCBEE1}.Release DLL|Win32.Build.0 = Release|Win32
		{9C31673F-818D-412B-9460-61812AFCBEE1}.Release static|Win32.ActiveCfg = Release|Win32
		{9C31673F-818D-412B-9460-61812AFCBEE1}.Release static|Win32.Build.0 = Release|Win32
		{9C31673F-818D-412B-9460-61812AFCBEE1}.Release|Win32.ActiveCfg = Release|Win32
		{9C31673F-818D-412B-9460-61812AFCBEE1}.Release|Win32.Build.0 = Release|Win32
		{0F9CE5F0-4D89-4314-9147-8AAB1B8842ED}.Debug DLL|Win32.ActiveCfg = Debug DLL|Win32
		{0F9CE5F0-4D89-4314-9147-8AAB1B8842ED}.Debug DLL|Win32.Build.0 = Debug DLL|Win32
		{0F9CE5F0-4D89-4314-9147-8AAB1B8842ED}.Debug static|Win32.ActiveCfg = Debug static|Win32
		{0F9CE5F0-4D89-4314-9147-8AAB1B8842ED}.Debug static|Win32.Build.0 = Debug static|Win32
		{0F9CE5F0-4D89-4314-9147-8AAB1B8842ED}.Debug|Win32.ActiveCfg = Debug static|Win32
		{0F9CE5F0-4D89-4314-9147-8AAB1B8842ED}.Debug|Win32.Build.0 = Debug static|Win32
		{0F9CE5F0-4D89-4314-9147-8AAB1B8842ED}.Release DLL|Win32.ActiveCfg = Release DLL|Win32
		{0F9CE5F0-4D89-4314-9147-8AAB1B8842ED}.Release DLL|Win32.Build.0 = Release DLL|Win32
		{0F9CE5F0-4D89-4314-9147-8AAB1B8842ED}.Release static|Win32.ActiveCfg = Release static|Win32
		{0F9CE5F0-4D89-4314-9147-8AAB1B8842ED}.Release static|Win32.Build.0 = Release static|Win32
		{0F9CE5F0-4D89-4314-9147-8AAB1B8842ED}.Release|Win32.ActiveCfg = Release static|Win32
		{0F9CE5F0-4D89-4314-9147-8AAB1B8842ED}.Release|Win32.Build.0 = Release static|Win32
		{FA4620B1-393A-4719-9BB4-3BC8CAA70C4B}.Debug DLL|Win32.ActiveCfg = Debug DLL|Win32
		{FA4620B1-393A-4719-9BB4-3BC8CAA70C4B}.Debug DLL|Win32.Build.0 = Debug DLL|Win32
		{FA4620B1-393A-4719-9BB4-3BC8CAA70C4B}.Debug static|Win32.ActiveCfg = Debug static|Win32
		{FA4620B1-393A-4719-9BB4-3BC8CAA70C4B}.Debug static|Win32.Build.0 = Debug static|Win32
		{FA4620B1-393A-4719-9BB4-3BC8CAA70C4B}.Debug|Win32.ActiveCfg = Debug static|Win32
		{FA4620B1-393A-4719-9BB4-3BC8CAA70C4B}.Debug|Win32.Build.0 = Debug static|Win32
		{FA4620B1-393A-4719-9BB4-3BC8CAA70C4B}.Release DLL|Win32.ActiveCfg = Release DLL|Win32
		{FA4620B1-393A-4719-9BB4-3BC8CAA70C4B}.Release DLL|Win32.Build.0 = Release DLL|Win32
		{FA4620B1-393A-4719-9BB4-3BC8CAA70C4B}.Release static|Win32.ActiveCfg = Release static|Win32
		{FA4620B1-393A-4719-9BB4-3BC8CAA70C4B}.Release static|Win32.Build.0 = Release static|Win32
		{FA4620B1-393A-4719-9BB4-3BC8CAA70C4B}.Release|Win32.ActiveCfg = Release static|Win32
		{FA4620B1-393A-4719-9BB4-3BC8CAA70C4B}.Release|Win32.Build.0 = Release static|Win32
		{C061A27D-7CA0-4179-9869-672FA04A86A8}.Debug DLL|Win32.ActiveCfg = Debug DLL|Win32
		{C061A27D-7CA0-4179-9869-672FA04A86A8}.Debug DLL|Win32.Build.0 = Debug DLL|Win32
		{C061A27D-7CA0-4179-9869-672FA04A86A8}.Debug static|Win32.ActiveCfg = Debug static|Win32
		{C061A27D-7CA0-4179-9869-672FA04A86A8}.Debug static|Win32.Build.0 = Debug static|Win32
		{C061A27D-7CA0-4179-9869-672FA04A86A8}.Debug|Win32.ActiveCfg = Debug static|Win32
		{C061A27D-7CA0-4179-9869-672FA04A86A8}.Debug|Win32.Build.0 = Debug static|Win32
		{C061A27D-7CA0-4179-9869-672FA04A86A8}.Release DLL|Win32.ActiveCfg = Release DLL|Win32
		{C061A27D-7CA0-4179-9869-672FA04A86A8}.Release DLL|Win32.Build.0 = Release DLL|Win32
		{C061A27D-7CA0-4179-9869-672FA04A86A8}.Release static|Win32.ActiveCfg = Release static|Win32
		{C061A27D-7CA0-4179-9869-672FA04A86A8}.Release static|Win32.Build.0 = Release static|Win32
		{C061A27D-7CA0-4179-9869-672FA04A86A8}.Release|Win32.ActiveCfg = Release static|Win32
		{C061A27D-7CA0-4179-9869-672FA04A86A8}.Release|Win32.Build.0 = Release static|Win32
	EndGlobalSection
	GlobalSection(SolutionProperties) = preSolution
		HideSolutionNode = FALSE
	EndGlobalSection
	GlobalSection(NestedProjects) = preSolution
		{0F9CE5F0-4D89-4314-9147-8AAB1B8842ED} = {7B229927-988A-44EF-ACB4-70C0407C5514}
		{FA4620B1-393A-4719-9BB4-3BC8CAA70C4B} = {7B229927-988A-44EF-ACB4-70C0407C5514}
		{C061A27D-7CA0-4179-9869-672FA04A86A8} = {7B229927-988A-44EF-ACB4-70C0407C5514}
	EndGlobalSection
EndGlobal
